
Microsoft Visual Studio Solution File, Format Version 11.00
# Visual Studio 2010
Project("{FAE04EC0-301F-11D3-BF4B-00C04F79EFBC}") = "TestButtonCallback", "TestButtonCallback\TestButtonCallback.csproj", "{051631DD-B7A9-48F9-B6FD-402A47DB0FA5}"
EndProject
Global
	GlobalSection(SolutionConfigurationPlatforms) = preSolution
		Debug|Any CPU = Debug|Any CPU
		Release|Any CPU = Release|Any CPU
	EndGlobalSection
	GlobalSection(ProjectConfigurationPlatforms) = postSolution
		{051631DD-B7A9-48F9-B6FD-402A47DB0FA5}.Debug|Any CPU.ActiveCfg = Debug|Any CPU
		{051631DD-B7A9-48F9-B6FD-402A47DB0FA5}.Debug|Any CPU.Build.0 = Debug|Any CPU
		{051631DD-B7A9-48F9-B6FD-402A47DB0FA5}.Release|Any CPU.ActiveCfg = Release|Any CPU
		{051631DD-B7A9-48F9-B6FD-402A47DB0FA5}.Release|Any CPU.Build.0 = Release|Any CPU
	EndGlobalSection
	GlobalSection(SolutionProperties) = preSolution
		HideSolutionNode = FALSE
	EndGlobalSection
EndGlobal
